// !$*UTF8*$!
{
	archiveVersion = 1;
	classes = {
	};
	objectVersion = 51;
	objects = {

/* Begin PBXAggregateTarget section */
		C33923C422DB880E002CA693 /* OCLint */ = {
			isa = PBXAggregateTarget;
			buildConfigurationList = C33923C722DB880E002CA693 /* Build configuration list for PBXAggregateTarget "OCLint" */;
			buildPhases = (
				C33923C822DB89B8002CA693 /* Run Script */,
			);
			dependencies = (
			);
			name = OCLint;
			productName = OCLint;
		};
/* End PBXAggregateTarget section */

/* Begin PBXBuildFile section */
		70157E23AA82E8BEAB0C7CEE /* Pods_iOSPlaygroundTests.framework in Frameworks */ = {isa = PBXBuildFile; fileRef = 8E02E3213606DC2050862FCA /* Pods_iOSPlaygroundTests.framework */; };
		74D87C4E22FC507000AB056B /* RootViewController.m in Sources */ = {isa = PBXBuildFile; fileRef = 74D87C4D22FC507000AB056B /* RootViewController.m */; };
		9A5CBC3548322C78DE56E708 /* Pods_iOSPlayground.framework in Frameworks */ = {isa = PBXBuildFile; fileRef = C4D537A9ED6B01E4AE681F28 /* Pods_iOSPlayground.framework */; };
		9F0FE30B617D5EAEFB01BB6B /* Pods_iOSPlaygroundUITests.framework in Frameworks */ = {isa = PBXBuildFile; fileRef = 2AC20E28679F950D90331E8D /* Pods_iOSPlaygroundUITests.framework */; };
		C3C4861722BDE19E00B24E1A /* AppDelegate.m in Sources */ = {isa = PBXBuildFile; fileRef = C3C4861622BDE19E00B24E1A /* AppDelegate.m */; };
		C3C4861A22BDE19E00B24E1A /* ViewController.m in Sources */ = {isa = PBXBuildFile; fileRef = C3C4861922BDE19E00B24E1A /* ViewController.m */; };
		C3C4861D22BDE19E00B24E1A /* Main.storyboard in Resources */ = {isa = PBXBuildFile; fileRef = C3C4861B22BDE19E00B24E1A /* Main.storyboard */; };
		C3C4861F22BDE19F00B24E1A /* Assets.xcassets in Resources */ = {isa = PBXBuildFile; fileRef = C3C4861E22BDE19F00B24E1A /* Assets.xcassets */; };
		C3C4862222BDE19F00B24E1A /* LaunchScreen.storyboard in Resources */ = {isa = PBXBuildFile; fileRef = C3C4862022BDE19F00B24E1A /* LaunchScreen.storyboard */; };
		C3C4862522BDE19F00B24E1A /* main.m in Sources */ = {isa = PBXBuildFile; fileRef = C3C4862422BDE19F00B24E1A /* main.m */; };
		C3C4862F22BDE19F00B24E1A /* iOSPlaygroundTests.m in Sources */ = {isa = PBXBuildFile; fileRef = C3C4862E22BDE19F00B24E1A /* iOSPlaygroundTests.m */; };
		C3C4863A22BDE19F00B24E1A /* iOSPlaygroundUITests.m in Sources */ = {isa = PBXBuildFile; fileRef = C3C4863922BDE19F00B24E1A /* iOSPlaygroundUITests.m */; };
/* End PBXBuildFile section */

/* Begin PBXContainerItemProxy section */
		C3C4862B22BDE19F00B24E1A /* PBXContainerItemProxy */ = {
			isa = PBXContainerItemProxy;
			containerPortal = C3C4860A22BDE19E00B24E1A /* Project object */;
			proxyType = 1;
			remoteGlobalIDString = C3C4861122BDE19E00B24E1A;
			remoteInfo = iOSPlayground;
		};
		C3C4863622BDE19F00B24E1A /* PBXContainerItemProxy */ = {
			isa = PBXContainerItemProxy;
			containerPortal = C3C4860A22BDE19E00B24E1A /* Project object */;
			proxyType = 1;
			remoteGlobalIDString = C3C4861122BDE19E00B24E1A;
			remoteInfo = iOSPlayground;
		};
/* End PBXContainerItemProxy section */

/* Begin PBXFileReference section */
		0927F70BC2D09A239122C662 /* Pods-iOSPlaygroundUITests.release.xcconfig */ = {isa = PBXFileReference; includeInIndex = 1; lastKnownFileType = text.xcconfig; name = "Pods-iOSPlaygroundUITests.release.xcconfig"; path = "Pods/Target Support Files/Pods-iOSPlaygroundUITests/Pods-iOSPlaygroundUITests.release.xcconfig"; sourceTree = "<group>"; };
		1309AC620425F1576989CB78 /* Pods-iOSPlayground.release.xcconfig */ = {isa = PBXFileReference; includeInIndex = 1; lastKnownFileType = text.xcconfig; name = "Pods-iOSPlayground.release.xcconfig"; path = "Target Support Files/Pods-iOSPlayground/Pods-iOSPlayground.release.xcconfig"; sourceTree = "<group>"; };
		155C4E2389ADB35CF755BDB5 /* Pods-iOSPlaygroundUITests.release.xcconfig */ = {isa = PBXFileReference; includeInIndex = 1; lastKnownFileType = text.xcconfig; name = "Pods-iOSPlaygroundUITests.release.xcconfig"; path = "Target Support Files/Pods-iOSPlaygroundUITests/Pods-iOSPlaygroundUITests.release.xcconfig"; sourceTree = "<group>"; };
		2AC20E28679F950D90331E8D /* Pods_iOSPlaygroundUITests.framework */ = {isa = PBXFileReference; explicitFileType = wrapper.framework; includeInIndex = 0; path = Pods_iOSPlaygroundUITests.framework; sourceTree = BUILT_PRODUCTS_DIR; };
		43813472CA8DCE011F1A0A6F /* Pods-iOSPlaygroundUITests.debug.xcconfig */ = {isa = PBXFileReference; includeInIndex = 1; lastKnownFileType = text.xcconfig; name = "Pods-iOSPlaygroundUITests.debug.xcconfig"; path = "Pods/Target Support Files/Pods-iOSPlaygroundUITests/Pods-iOSPlaygroundUITests.debug.xcconfig"; sourceTree = "<group>"; };
		68A1939A9C14FD473F11D8ED /* Pods-iOSPlayground.debug.xcconfig */ = {isa = PBXFileReference; includeInIndex = 1; lastKnownFileType = text.xcconfig; name = "Pods-iOSPlayground.debug.xcconfig"; path = "Pods/Target Support Files/Pods-iOSPlayground/Pods-iOSPlayground.debug.xcconfig"; sourceTree = "<group>"; };
		74D87C4C22FC507000AB056B /* RootViewController.h */ = {isa = PBXFileReference; lastKnownFileType = sourcecode.c.h; name = RootViewController.h; path = ViewController/RootViewController.h; sourceTree = "<group>"; };
		74D87C4D22FC507000AB056B /* RootViewController.m */ = {isa = PBXFileReference; lastKnownFileType = sourcecode.c.objc; name = RootViewController.m; path = ViewController/RootViewController.m; sourceTree = "<group>"; };
		8C8D17326650738C240B5EEF /* Pods-iOSPlaygroundTests.release.xcconfig */ = {isa = PBXFileReference; includeInIndex = 1; lastKnownFileType = text.xcconfig; name = "Pods-iOSPlaygroundTests.release.xcconfig"; path = "Pods/Target Support Files/Pods-iOSPlaygroundTests/Pods-iOSPlaygroundTests.release.xcconfig"; sourceTree = "<group>"; };
		8E02E3213606DC2050862FCA /* Pods_iOSPlaygroundTests.framework */ = {isa = PBXFileReference; explicitFileType = wrapper.framework; includeInIndex = 0; path = Pods_iOSPlaygroundTests.framework; sourceTree = BUILT_PRODUCTS_DIR; };
		9C1FE5B8A75F40B5E84FBCD0 /* Pods-iOSPlaygroundTests.debug.xcconfig */ = {isa = PBXFileReference; includeInIndex = 1; lastKnownFileType = text.xcconfig; name = "Pods-iOSPlaygroundTests.debug.xcconfig"; path = "Target Support Files/Pods-iOSPlaygroundTests/Pods-iOSPlaygroundTests.debug.xcconfig"; sourceTree = "<group>"; };
		A8BD42AA1654C3B1BCA44090 /* Pods-iOSPlaygroundUITests.debug.xcconfig */ = {isa = PBXFileReference; includeInIndex = 1; lastKnownFileType = text.xcconfig; name = "Pods-iOSPlaygroundUITests.debug.xcconfig"; path = "Target Support Files/Pods-iOSPlaygroundUITests/Pods-iOSPlaygroundUITests.debug.xcconfig"; sourceTree = "<group>"; };
		C1AF5D0AB77CB15BC531032B /* Pods-iOSPlayground.release.xcconfig */ = {isa = PBXFileReference; includeInIndex = 1; lastKnownFileType = text.xcconfig; name = "Pods-iOSPlayground.release.xcconfig"; path = "Pods/Target Support Files/Pods-iOSPlayground/Pods-iOSPlayground.release.xcconfig"; sourceTree = "<group>"; };
		C3C4861222BDE19E00B24E1A /* iOSPlayground.app */ = {isa = PBXFileReference; explicitFileType = wrapper.application; includeInIndex = 0; path = iOSPlayground.app; sourceTree = BUILT_PRODUCTS_DIR; };
		C3C4861522BDE19E00B24E1A /* AppDelegate.h */ = {isa = PBXFileReference; lastKnownFileType = sourcecode.c.h; path = AppDelegate.h; sourceTree = "<group>"; };
		C3C4861622BDE19E00B24E1A /* AppDelegate.m */ = {isa = PBXFileReference; lastKnownFileType = sourcecode.c.objc; path = AppDelegate.m; sourceTree = "<group>"; };
		C3C4861822BDE19E00B24E1A /* ViewController.h */ = {isa = PBXFileReference; lastKnownFileType = sourcecode.c.h; path = ViewController.h; sourceTree = "<group>"; };
		C3C4861922BDE19E00B24E1A /* ViewController.m */ = {isa = PBXFileReference; lastKnownFileType = sourcecode.c.objc; path = ViewController.m; sourceTree = "<group>"; };
		C3C4861C22BDE19E00B24E1A /* Base */ = {isa = PBXFileReference; lastKnownFileType = file.storyboard; name = Base; path = Base.lproj/Main.storyboard; sourceTree = "<group>"; };
		C3C4861E22BDE19F00B24E1A /* Assets.xcassets */ = {isa = PBXFileReference; lastKnownFileType = folder.assetcatalog; path = Assets.xcassets; sourceTree = "<group>"; };
		C3C4862122BDE19F00B24E1A /* Base */ = {isa = PBXFileReference; lastKnownFileType = file.storyboard; name = Base; path = Base.lproj/LaunchScreen.storyboard; sourceTree = "<group>"; };
		C3C4862322BDE19F00B24E1A /* Info.plist */ = {isa = PBXFileReference; lastKnownFileType = text.plist.xml; path = Info.plist; sourceTree = "<group>"; };
		C3C4862422BDE19F00B24E1A /* main.m */ = {isa = PBXFileReference; lastKnownFileType = sourcecode.c.objc; path = main.m; sourceTree = "<group>"; };
		C3C4862A22BDE19F00B24E1A /* iOSPlaygroundTests.xctest */ = {isa = PBXFileReference; explicitFileType = wrapper.cfbundle; includeInIndex = 0; path = iOSPlaygroundTests.xctest; sourceTree = BUILT_PRODUCTS_DIR; };
		C3C4862E22BDE19F00B24E1A /* iOSPlaygroundTests.m */ = {isa = PBXFileReference; lastKnownFileType = sourcecode.c.objc; path = iOSPlaygroundTests.m; sourceTree = "<group>"; };
		C3C4863022BDE19F00B24E1A /* Info.plist */ = {isa = PBXFileReference; lastKnownFileType = text.plist.xml; path = Info.plist; sourceTree = "<group>"; };
		C3C4863522BDE19F00B24E1A /* iOSPlaygroundUITests.xctest */ = {isa = PBXFileReference; explicitFileType = wrapper.cfbundle; includeInIndex = 0; path = iOSPlaygroundUITests.xctest; sourceTree = BUILT_PRODUCTS_DIR; };
		C3C4863922BDE19F00B24E1A /* iOSPlaygroundUITests.m */ = {isa = PBXFileReference; lastKnownFileType = sourcecode.c.objc; path = iOSPlaygroundUITests.m; sourceTree = "<group>"; };
		C3C4863B22BDE19F00B24E1A /* Info.plist */ = {isa = PBXFileReference; lastKnownFileType = text.plist.xml; path = Info.plist; sourceTree = "<group>"; };
		C4D537A9ED6B01E4AE681F28 /* Pods_iOSPlayground.framework */ = {isa = PBXFileReference; explicitFileType = wrapper.framework; includeInIndex = 0; path = Pods_iOSPlayground.framework; sourceTree = BUILT_PRODUCTS_DIR; };
		C7D8687D4ED75A90FAE4711D /* Pods-iOSPlaygroundTests.debug.xcconfig */ = {isa = PBXFileReference; includeInIndex = 1; lastKnownFileType = text.xcconfig; name = "Pods-iOSPlaygroundTests.debug.xcconfig"; path = "Pods/Target Support Files/Pods-iOSPlaygroundTests/Pods-iOSPlaygroundTests.debug.xcconfig"; sourceTree = "<group>"; };
		F1F9C450D6041E335F004DE6 /* Pods-iOSPlayground.debug.xcconfig */ = {isa = PBXFileReference; includeInIndex = 1; lastKnownFileType = text.xcconfig; name = "Pods-iOSPlayground.debug.xcconfig"; path = "Target Support Files/Pods-iOSPlayground/Pods-iOSPlayground.debug.xcconfig"; sourceTree = "<group>"; };
		FE4B22850B68F9BB3335AC12 /* Pods-iOSPlaygroundTests.release.xcconfig */ = {isa = PBXFileReference; includeInIndex = 1; lastKnownFileType = text.xcconfig; name = "Pods-iOSPlaygroundTests.release.xcconfig"; path = "Target Support Files/Pods-iOSPlaygroundTests/Pods-iOSPlaygroundTests.release.xcconfig"; sourceTree = "<group>"; };
/* End PBXFileReference section */

/* Begin PBXFrameworksBuildPhase section */
		C3C4860F22BDE19E00B24E1A /* Frameworks */ = {
			isa = PBXFrameworksBuildPhase;
			buildActionMask = 2147483647;
			files = (
				9A5CBC3548322C78DE56E708 /* Pods_iOSPlayground.framework in Frameworks */,
			);
			runOnlyForDeploymentPostprocessing = 0;
		};
		C3C4862722BDE19F00B24E1A /* Frameworks */ = {
			isa = PBXFrameworksBuildPhase;
			buildActionMask = 2147483647;
			files = (
				70157E23AA82E8BEAB0C7CEE /* Pods_iOSPlaygroundTests.framework in Frameworks */,
			);
			runOnlyForDeploymentPostprocessing = 0;
		};
		C3C4863222BDE19F00B24E1A /* Frameworks */ = {
			isa = PBXFrameworksBuildPhase;
			buildActionMask = 2147483647;
			files = (
				9F0FE30B617D5EAEFB01BB6B /* Pods_iOSPlaygroundUITests.framework in Frameworks */,
			);
			runOnlyForDeploymentPostprocessing = 0;
		};
/* End PBXFrameworksBuildPhase section */

/* Begin PBXGroup section */
		37E2448306E13D5B98326525 /* Frameworks */ = {
			isa = PBXGroup;
			children = (
				C4D537A9ED6B01E4AE681F28 /* Pods_iOSPlayground.framework */,
				8E02E3213606DC2050862FCA /* Pods_iOSPlaygroundTests.framework */,
				2AC20E28679F950D90331E8D /* Pods_iOSPlaygroundUITests.framework */,
			);
			name = Frameworks;
			sourceTree = "<group>";
		};
		74EC484C22E5E4560043657F /* App */ = {
			isa = PBXGroup;
			children = (
				C3C4861522BDE19E00B24E1A /* AppDelegate.h */,
				C3C4861622BDE19E00B24E1A /* AppDelegate.m */,
			);
			path = App;
			sourceTree = "<group>";
		};
		74EC485022E5E4A30043657F /* ViewController */ = {
			isa = PBXGroup;
			children = (
				C3C4861822BDE19E00B24E1A /* ViewController.h */,
				C3C4861922BDE19E00B24E1A /* ViewController.m */,
				74D87C4C22FC507000AB056B /* RootViewController.h */,
				74D87C4D22FC507000AB056B /* RootViewController.m */,
			);
			name = ViewController;
			sourceTree = "<group>";
		};
		74EC485122E5E4BE0043657F /* Resource */ = {
			isa = PBXGroup;
			children = (
				74EC485422E5E4E90043657F /* StoryBoard */,
				74EC485322E5E4D00043657F /* Image */,
				74EC485222E5E4C70043657F /* Plist */,
			);
			name = Resource;
			sourceTree = "<group>";
		};
		74EC485222E5E4C70043657F /* Plist */ = {
			isa = PBXGroup;
			children = (
			);
			path = Plist;
			sourceTree = "<group>";
		};
		74EC485322E5E4D00043657F /* Image */ = {
			isa = PBXGroup;
			children = (
			);
			name = Image;
			sourceTree = "<group>";
		};
		74EC485422E5E4E90043657F /* StoryBoard */ = {
			isa = PBXGroup;
			children = (
				C3C4862322BDE19F00B24E1A /* Info.plist */,
				C3C4861E22BDE19F00B24E1A /* Assets.xcassets */,
				C3C4861B22BDE19E00B24E1A /* Main.storyboard */,
				C3C4862022BDE19F00B24E1A /* LaunchScreen.storyboard */,
			);
			name = StoryBoard;
			sourceTree = "<group>";
		};
		78002389E89E06205B04897A /* Pods */ = {
			isa = PBXGroup;
			children = (
				F1F9C450D6041E335F004DE6 /* Pods-iOSPlayground.debug.xcconfig */,
				1309AC620425F1576989CB78 /* Pods-iOSPlayground.release.xcconfig */,
				9C1FE5B8A75F40B5E84FBCD0 /* Pods-iOSPlaygroundTests.debug.xcconfig */,
				FE4B22850B68F9BB3335AC12 /* Pods-iOSPlaygroundTests.release.xcconfig */,
				A8BD42AA1654C3B1BCA44090 /* Pods-iOSPlaygroundUITests.debug.xcconfig */,
				155C4E2389ADB35CF755BDB5 /* Pods-iOSPlaygroundUITests.release.xcconfig */,
				68A1939A9C14FD473F11D8ED /* Pods-iOSPlayground.debug.xcconfig */,
				C1AF5D0AB77CB15BC531032B /* Pods-iOSPlayground.release.xcconfig */,
				C7D8687D4ED75A90FAE4711D /* Pods-iOSPlaygroundTests.debug.xcconfig */,
				8C8D17326650738C240B5EEF /* Pods-iOSPlaygroundTests.release.xcconfig */,
				43813472CA8DCE011F1A0A6F /* Pods-iOSPlaygroundUITests.debug.xcconfig */,
				0927F70BC2D09A239122C662 /* Pods-iOSPlaygroundUITests.release.xcconfig */,
			);
			path = Pods;
			sourceTree = "<group>";
		};
		C3C4860922BDE19E00B24E1A = {
			isa = PBXGroup;
			children = (
				C3C4861422BDE19E00B24E1A /* iOSPlayground */,
				C3C4862D22BDE19F00B24E1A /* iOSPlaygroundTests */,
				C3C4863822BDE19F00B24E1A /* iOSPlaygroundUITests */,
				C3C4861322BDE19E00B24E1A /* Products */,
				78002389E89E06205B04897A /* Pods */,
				37E2448306E13D5B98326525 /* Frameworks */,
			);
			sourceTree = "<group>";
		};
		C3C4861322BDE19E00B24E1A /* Products */ = {
			isa = PBXGroup;
			children = (
				C3C4861222BDE19E00B24E1A /* iOSPlayground.app */,
				C3C4862A22BDE19F00B24E1A /* iOSPlaygroundTests.xctest */,
				C3C4863522BDE19F00B24E1A /* iOSPlaygroundUITests.xctest */,
			);
			name = Products;
			sourceTree = "<group>";
		};
		C3C4861422BDE19E00B24E1A /* iOSPlayground */ = {
			isa = PBXGroup;
			children = (
				74EC485122E5E4BE0043657F /* Resource */,
				74EC485022E5E4A30043657F /* ViewController */,
				74EC484C22E5E4560043657F /* App */,
				C3C4862422BDE19F00B24E1A /* main.m */,
			);
			path = iOSPlayground;
			sourceTree = "<group>";
		};
		C3C4862D22BDE19F00B24E1A /* iOSPlaygroundTests */ = {
			isa = PBXGroup;
			children = (
				C3C4862E22BDE19F00B24E1A /* iOSPlaygroundTests.m */,
				C3C4863022BDE19F00B24E1A /* Info.plist */,
			);
			path = iOSPlaygroundTests;
			sourceTree = "<group>";
		};
		C3C4863822BDE19F00B24E1A /* iOSPlaygroundUITests */ = {
			isa = PBXGroup;
			children = (
				C3C4863922BDE19F00B24E1A /* iOSPlaygroundUITests.m */,
				C3C4863B22BDE19F00B24E1A /* Info.plist */,
			);
			path = iOSPlaygroundUITests;
			sourceTree = "<group>";
		};
/* End PBXGroup section */

/* Begin PBXNativeTarget section */
		C3C4861122BDE19E00B24E1A /* iOSPlayground */ = {
			isa = PBXNativeTarget;
			buildConfigurationList = C3C4863E22BDE19F00B24E1A /* Build configuration list for PBXNativeTarget "iOSPlayground" */;
			buildPhases = (
				35BFBDBC799AF162CA44C92B /* [CP] Check Pods Manifest.lock */,
				C3C4860E22BDE19E00B24E1A /* Sources */,
				C3C4860F22BDE19E00B24E1A /* Frameworks */,
				C3C4861022BDE19E00B24E1A /* Resources */,
				3A9135BF21B527F179EDD7D2 /* [CP] Embed Pods Frameworks */,
			);
			buildRules = (
			);
			dependencies = (
			);
			name = iOSPlayground;
			productName = iOSPlayground;
			productReference = C3C4861222BDE19E00B24E1A /* iOSPlayground.app */;
			productType = "com.apple.product-type.application";
		};
		C3C4862922BDE19F00B24E1A /* iOSPlaygroundTests */ = {
			isa = PBXNativeTarget;
			buildConfigurationList = C3C4864122BDE19F00B24E1A /* Build configuration list for PBXNativeTarget "iOSPlaygroundTests" */;
			buildPhases = (
				763E9BFA6FEB932099F90421 /* [CP] Check Pods Manifest.lock */,
				C3C4862622BDE19F00B24E1A /* Sources */,
				C3C4862722BDE19F00B24E1A /* Frameworks */,
				C3C4862822BDE19F00B24E1A /* Resources */,
			);
			buildRules = (
			);
			dependencies = (
				C3C4862C22BDE19F00B24E1A /* PBXTargetDependency */,
			);
			name = iOSPlaygroundTests;
			productName = iOSPlaygroundTests;
			productReference = C3C4862A22BDE19F00B24E1A /* iOSPlaygroundTests.xctest */;
			productType = "com.apple.product-type.bundle.unit-test";
		};
		C3C4863422BDE19F00B24E1A /* iOSPlaygroundUITests */ = {
			isa = PBXNativeTarget;
			buildConfigurationList = C3C4864422BDE19F00B24E1A /* Build configuration list for PBXNativeTarget "iOSPlaygroundUITests" */;
			buildPhases = (
				222ABCA1EF2609381E6D8F12 /* [CP] Check Pods Manifest.lock */,
				C3C4863122BDE19F00B24E1A /* Sources */,
				C3C4863222BDE19F00B24E1A /* Frameworks */,
				C3C4863322BDE19F00B24E1A /* Resources */,
			);
			buildRules = (
			);
			dependencies = (
				C3C4863722BDE19F00B24E1A /* PBXTargetDependency */,
			);
			name = iOSPlaygroundUITests;
			productName = iOSPlaygroundUITests;
			productReference = C3C4863522BDE19F00B24E1A /* iOSPlaygroundUITests.xctest */;
			productType = "com.apple.product-type.bundle.ui-testing";
		};
/* End PBXNativeTarget section */

/* Begin PBXProject section */
		C3C4860A22BDE19E00B24E1A /* Project object */ = {
			isa = PBXProject;
			attributes = {
				DefaultBuildSystemTypeForWorkspace = Original;
				LastUpgradeCheck = 1010;
				ORGANIZATIONNAME = gaosiming;
				TargetAttributes = {
					C33923C422DB880E002CA693 = {
						CreatedOnToolsVersion = 10.2.1;
					};
					C3C4861122BDE19E00B24E1A = {
						CreatedOnToolsVersion = 10.1;
					};
					C3C4862922BDE19F00B24E1A = {
						CreatedOnToolsVersion = 10.1;
						TestTargetID = C3C4861122BDE19E00B24E1A;
					};
					C3C4863422BDE19F00B24E1A = {
						CreatedOnToolsVersion = 10.1;
						TestTargetID = C3C4861122BDE19E00B24E1A;
					};
				};
			};
			buildConfigurationList = C3C4860D22BDE19E00B24E1A /* Build configuration list for PBXProject "iOSPlayground" */;
			compatibilityVersion = "Xcode 9.3";
			developmentRegion = en;
			hasScannedForEncodings = 0;
			knownRegions = (
				en,
				Base,
			);
			mainGroup = C3C4860922BDE19E00B24E1A;
			productRefGroup = C3C4861322BDE19E00B24E1A /* Products */;
			projectDirPath = "";
			projectRoot = "";
			targets = (
				C3C4861122BDE19E00B24E1A /* iOSPlayground */,
				C3C4862922BDE19F00B24E1A /* iOSPlaygroundTests */,
				C3C4863422BDE19F00B24E1A /* iOSPlaygroundUITests */,
				C33923C422DB880E002CA693 /* OCLint */,
			);
		};
/* End PBXProject section */

/* Begin PBXResourcesBuildPhase section */
		C3C4861022BDE19E00B24E1A /* Resources */ = {
			isa = PBXResourcesBuildPhase;
			buildActionMask = 2147483647;
			files = (
				C3C4862222BDE19F00B24E1A /* LaunchScreen.storyboard in Resources */,
				C3C4861F22BDE19F00B24E1A /* Assets.xcassets in Resources */,
				C3C4861D22BDE19E00B24E1A /* Main.storyboard in Resources */,
			);
			runOnlyForDeploymentPostprocessing = 0;
		};
		C3C4862822BDE19F00B24E1A /* Resources */ = {
			isa = PBXResourcesBuildPhase;
			buildActionMask = 2147483647;
			files = (
			);
			runOnlyForDeploymentPostprocessing = 0;
		};
		C3C4863322BDE19F00B24E1A /* Resources */ = {
			isa = PBXResourcesBuildPhase;
			buildActionMask = 2147483647;
			files = (
			);
			runOnlyForDeploymentPostprocessing = 0;
		};
/* End PBXResourcesBuildPhase section */

/* Begin PBXShellScriptBuildPhase section */
		222ABCA1EF2609381E6D8F12 /* [CP] Check Pods Manifest.lock */ = {
			isa = PBXShellScriptBuildPhase;
			buildActionMask = 2147483647;
			files = (
			);
			inputFileListPaths = (
			);
			inputPaths = (
				"${PODS_PODFILE_DIR_PATH}/Podfile.lock",
				"${PODS_ROOT}/Manifest.lock",
			);
			name = "[CP] Check Pods Manifest.lock";
			outputFileListPaths = (
			);
			outputPaths = (
				"$(DERIVED_FILE_DIR)/Pods-iOSPlaygroundUITests-checkManifestLockResult.txt",
			);
			runOnlyForDeploymentPostprocessing = 0;
			shellPath = /bin/sh;
			shellScript = "diff \"${PODS_PODFILE_DIR_PATH}/Podfile.lock\" \"${PODS_ROOT}/Manifest.lock\" > /dev/null\nif [ $? != 0 ] ; then\n    # print error to STDERR\n    echo \"error: The sandbox is not in sync with the Podfile.lock. Run 'pod install' or update your CocoaPods installation.\" >&2\n    exit 1\nfi\n# This output is used by Xcode 'outputs' to avoid re-running this script phase.\necho \"SUCCESS\" > \"${SCRIPT_OUTPUT_FILE_0}\"\n";
			showEnvVarsInLog = 0;
		};
		35BFBDBC799AF162CA44C92B /* [CP] Check Pods Manifest.lock */ = {
			isa = PBXShellScriptBuildPhase;
			buildActionMask = 2147483647;
			files = (
			);
			inputFileListPaths = (
			);
			inputPaths = (
				"${PODS_PODFILE_DIR_PATH}/Podfile.lock",
				"${PODS_ROOT}/Manifest.lock",
			);
			name = "[CP] Check Pods Manifest.lock";
			outputFileListPaths = (
			);
			outputPaths = (
				"$(DERIVED_FILE_DIR)/Pods-iOSPlayground-checkManifestLockResult.txt",
			);
			runOnlyForDeploymentPostprocessing = 0;
			shellPath = /bin/sh;
			shellScript = "diff \"${PODS_PODFILE_DIR_PATH}/Podfile.lock\" \"${PODS_ROOT}/Manifest.lock\" > /dev/null\nif [ $? != 0 ] ; then\n    # print error to STDERR\n    echo \"error: The sandbox is not in sync with the Podfile.lock. Run 'pod install' or update your CocoaPods installation.\" >&2\n    exit 1\nfi\n# This output is used by Xcode 'outputs' to avoid re-running this script phase.\necho \"SUCCESS\" > \"${SCRIPT_OUTPUT_FILE_0}\"\n";
			showEnvVarsInLog = 0;
		};
		3A9135BF21B527F179EDD7D2 /* [CP] Embed Pods Frameworks */ = {
			isa = PBXShellScriptBuildPhase;
			buildActionMask = 2147483647;
			files = (
			);
			inputFileListPaths = (
				"${PODS_ROOT}/Target Support Files/Pods-iOSPlayground/Pods-iOSPlayground-frameworks-${CONFIGURATION}-input-files.xcfilelist",
			);
			name = "[CP] Embed Pods Frameworks";
			outputFileListPaths = (
				"${PODS_ROOT}/Target Support Files/Pods-iOSPlayground/Pods-iOSPlayground-frameworks-${CONFIGURATION}-output-files.xcfilelist",
			);
			runOnlyForDeploymentPostprocessing = 0;
			shellPath = /bin/sh;
			shellScript = "\"${PODS_ROOT}/Target Support Files/Pods-iOSPlayground/Pods-iOSPlayground-frameworks.sh\"\n";
			showEnvVarsInLog = 0;
		};
		763E9BFA6FEB932099F90421 /* [CP] Check Pods Manifest.lock */ = {
			isa = PBXShellScriptBuildPhase;
			buildActionMask = 2147483647;
			files = (
			);
			inputFileListPaths = (
			);
			inputPaths = (
				"${PODS_PODFILE_DIR_PATH}/Podfile.lock",
				"${PODS_ROOT}/Manifest.lock",
			);
			name = "[CP] Check Pods Manifest.lock";
			outputFileListPaths = (
			);
			outputPaths = (
				"$(DERIVED_FILE_DIR)/Pods-iOSPlaygroundTests-checkManifestLockResult.txt",
			);
			runOnlyForDeploymentPostprocessing = 0;
			shellPath = /bin/sh;
			shellScript = "diff \"${PODS_PODFILE_DIR_PATH}/Podfile.lock\" \"${PODS_ROOT}/Manifest.lock\" > /dev/null\nif [ $? != 0 ] ; then\n    # print error to STDERR\n    echo \"error: The sandbox is not in sync with the Podfile.lock. Run 'pod install' or update your CocoaPods installation.\" >&2\n    exit 1\nfi\n# This output is used by Xcode 'outputs' to avoid re-running this script phase.\necho \"SUCCESS\" > \"${SCRIPT_OUTPUT_FILE_0}\"\n";
			showEnvVarsInLog = 0;
		};
		C33923C822DB89B8002CA693 /* Run Script */ = {
			isa = PBXShellScriptBuildPhase;
			buildActionMask = 2147483647;
			files = (
			);
			inputFileListPaths = (
			);
			inputPaths = (
			);
			name = "Run Script";
			outputFileListPaths = (
			);
			outputPaths = (
			);
			runOnlyForDeploymentPostprocessing = 0;
			shellPath = /bin/sh;
			shellScript = "#!/bin/bash\n\n# 指定编码\nexport LANG=\"zh_CN.UTF-8\"\nexport LC_COLLATE=\"zh_CN.UTF-8\"\nexport LC_CTYPE=\"zh_CN.UTF-8\"\nexport LC_MESSAGES=\"zh_CN.UTF-8\"\nexport LC_MONETARY=\"zh_CN.UTF-8\"\nexport LC_NUMERIC=\"zh_CN.UTF-8\"\nexport LC_TIME=\"zh_CN.UTF-8\"\nexport LC_ALL=\n\nfunction checkDepend () {\ncommand -v xcpretty >/dev/null 2>&1 || { \necho >&2 \"I require xcpretty but it's not installed.  Install：gem install xcpretty\"; \nexit\n}\ncommand -v oclint-json-compilation-database >/dev/null 2>&1 || { \necho >&2 \"I require oclint-json-compilation-database but it's not installed.  Install：brew install oclint\"; \nexit\n}\n}\n\nfunction oclintForProject () {\n\n# 检测依赖\ncheckDepend\n\nprojectName=$1\nscheme=$2\nreportType=$3\n\nREPORT_PMD=\"pmd\"\nREPORT_XCODE=\"xcode\"\nREPORT_HTML=\"html\"\n\nmyworkspace=${projectName}\nmyscheme=${scheme} \necho \"myworkspace是：${myworkspace}\"\necho \"myscheme是：${myscheme}\"\necho \"reportType为：${reportType}\"\n\n# 清除上次编译数据\nif [ -d ./build/derivedData ]; then\necho '-----清除上次编译数据derivedData-----'\nrm -rf ./build/derivedData\nfi\n\n# xcodebuild -workspace $myworkspace -scheme $myscheme clean\nxcodebuild clean\n\necho '-----开始编译-----'\n\n# 生成编译数据\nxcodebuild -workspace ${myworkspace} -scheme ${myscheme} -sdk iphonesimulator -derivedDataPath ./build/derivedData -configuration Debug COMPILER_INDEX_STORE_ENABLE=NO | xcpretty -r json-compilation-database -o compile_commands.json\n\n\nif [ -f ./compile_commands.json ]\nthen\necho '-----编译数据生成完毕-----'\nelse\necho \"-----生成编译数据失败-----\"\nreturn -1\nfi\n\necho '-----分析中-----'\n\n# 自定义排除警告的目录，将目录字符串加到数组里面\n# 转化为：-e Debug.m -e Port.m -e Test\nexclude_files=(\"cardloan_js\" \"Pods\")\n\nexclude=\"\"\nfor i in ${exclude_files[@]}; do\nexclude=${exclude}\"-e \"${i}\" \"\ndone\necho \"排除目录：${exclude}\"\n\n# 分析reportType\nif [[ ${reportType} =~ ${REPORT_PMD} ]]  \nthen\nnowReportType=\"-report-type pmd -o pmd.xml\"\nelif [[ ${reportType} =~ ${REPORT_HTML} ]] \nthen\nnowReportType=\"-report-type html -o oclint_result.html\"    \nelse\nnowReportType=\"-report-type xcode\"\nfi\n\n# 自定义report 如：\n# nowReportType=\"-report-type html -o oclint_result.html\"\n\n# 生成报表\noclint-json-compilation-database ${exclude} -- \\\n${nowReportType} \\\n-rc LONG_LINE=200 \\\n-disable-rule ShortVariableName \\\n-disable-rule ObjCAssignIvarOutsideAccessors \\\n-disable-rule AssignIvarOutsideAccessors \\\n-max-priority-1=100000 \\\n-max-priority-2=100000 \\\n-max-priority-3=100000\n\nrm compile_commands.json\nif [[ ${reportType} =~ ${REPORT_PMD} ]] && [ ! -f ./pmd.xml ]\nthen\necho \"-----分析失败-----\"\nreturn -1\nelse\necho '-----分析完毕-----'\nreturn 0\nfi\n}\n\n# 替换workspace的名字\nmyworkspace=\"iOSPlayground.xcworkspace\" \n# 替换scheme的名字\nmyscheme=\"iOSPlayground\" \n# 输出方式 xcode/pmd\nreportType=\"xcode\"\n\noclintForProject ${myworkspace} ${myscheme} ${reportType}\n";
		};
/* End PBXShellScriptBuildPhase section */

/* Begin PBXSourcesBuildPhase section */
		C3C4860E22BDE19E00B24E1A /* Sources */ = {
			isa = PBXSourcesBuildPhase;
			buildActionMask = 2147483647;
			files = (
				C3C4861A22BDE19E00B24E1A /* ViewController.m in Sources */,
				C3C4862522BDE19F00B24E1A /* main.m in Sources */,
				74D87C4E22FC507000AB056B /* RootViewController.m in Sources */,
				C3C4861722BDE19E00B24E1A /* AppDelegate.m in Sources */,
			);
			runOnlyForDeploymentPostprocessing = 0;
		};
		C3C4862622BDE19F00B24E1A /* Sources */ = {
			isa = PBXSourcesBuildPhase;
			buildActionMask = 2147483647;
			files = (
				C3C4862F22BDE19F00B24E1A /* iOSPlaygroundTests.m in Sources */,
			);
			runOnlyForDeploymentPostprocessing = 0;
		};
		C3C4863122BDE19F00B24E1A /* Sources */ = {
			isa = PBXSourcesBuildPhase;
			buildActionMask = 2147483647;
			files = (
				C3C4863A22BDE19F00B24E1A /* iOSPlaygroundUITests.m in Sources */,
			);
			runOnlyForDeploymentPostprocessing = 0;
		};
/* End PBXSourcesBuildPhase section */

/* Begin PBXTargetDependency section */
		C3C4862C22BDE19F00B24E1A /* PBXTargetDependency */ = {
			isa = PBXTargetDependency;
			target = C3C4861122BDE19E00B24E1A /* iOSPlayground */;
			targetProxy = C3C4862B22BDE19F00B24E1A /* PBXContainerItemProxy */;
		};
		C3C4863722BDE19F00B24E1A /* PBXTargetDependency */ = {
			isa = PBXTargetDependency;
			target = C3C4861122BDE19E00B24E1A /* iOSPlayground */;
			targetProxy = C3C4863622BDE19F00B24E1A /* PBXContainerItemProxy */;
		};
/* End PBXTargetDependency section */

/* Begin PBXVariantGroup section */
		C3C4861B22BDE19E00B24E1A /* Main.storyboard */ = {
			isa = PBXVariantGroup;
			children = (
				C3C4861C22BDE19E00B24E1A /* Base */,
			);
			name = Main.storyboard;
			sourceTree = "<group>";
		};
		C3C4862022BDE19F00B24E1A /* LaunchScreen.storyboard */ = {
			isa = PBXVariantGroup;
			children = (
				C3C4862122BDE19F00B24E1A /* Base */,
			);
			name = LaunchScreen.storyboard;
			sourceTree = "<group>";
		};
/* End PBXVariantGroup section */

/* Begin XCBuildConfiguration section */
		C33923C522DB880E002CA693 /* Debug */ = {
			isa = XCBuildConfiguration;
			buildSettings = {
				CODE_SIGN_STYLE = Automatic;
				DEVELOPMENT_TEAM = 44Y7SZ27BB;
				PRODUCT_NAME = "$(TARGET_NAME)";
			};
			name = Debug;
		};
		C33923C622DB880E002CA693 /* Release */ = {
			isa = XCBuildConfiguration;
			buildSettings = {
				CODE_SIGN_STYLE = Automatic;
				DEVELOPMENT_TEAM = 44Y7SZ27BB;
				PRODUCT_NAME = "$(TARGET_NAME)";
			};
			name = Release;
		};
		C3C4863C22BDE19F00B24E1A /* Debug */ = {
			isa = XCBuildConfiguration;
			buildSettings = {
				ALWAYS_SEARCH_USER_PATHS = NO;
				CLANG_ANALYZER_NONNULL = YES;
				CLANG_ANALYZER_NUMBER_OBJECT_CONVERSION = YES_AGGRESSIVE;
				CLANG_CXX_LANGUAGE_STANDARD = "gnu++14";
				CLANG_CXX_LIBRARY = "libc++";
				CLANG_ENABLE_MODULES = YES;
				CLANG_ENABLE_OBJC_ARC = YES;
				CLANG_ENABLE_OBJC_WEAK = YES;
				CLANG_WARN_BLOCK_CAPTURE_AUTORELEASING = YES;
				CLANG_WARN_BOOL_CONVERSION = YES;
				CLANG_WARN_COMMA = YES;
				CLANG_WARN_CONSTANT_CONVERSION = YES;
				CLANG_WARN_DEPRECATED_OBJC_IMPLEMENTATIONS = YES;
				CLANG_WARN_DIRECT_OBJC_ISA_USAGE = YES_ERROR;
				CLANG_WARN_DOCUMENTATION_COMMENTS = YES;
				CLANG_WARN_EMPTY_BODY = YES;
				CLANG_WARN_ENUM_CONVERSION = YES;
				CLANG_WARN_INFINITE_RECURSION = YES;
				CLANG_WARN_INT_CONVERSION = YES;
				CLANG_WARN_NON_LITERAL_NULL_CONVERSION = YES;
				CLANG_WARN_OBJC_IMPLICIT_RETAIN_SELF = YES;
				CLANG_WARN_OBJC_LITERAL_CONVERSION = YES;
				CLANG_WARN_OBJC_ROOT_CLASS = YES_ERROR;
				CLANG_WARN_RANGE_LOOP_ANALYSIS = YES;
				CLANG_WARN_STRICT_PROTOTYPES = YES;
				CLANG_WARN_SUSPICIOUS_MOVE = YES;
				CLANG_WARN_UNGUARDED_AVAILABILITY = YES_AGGRESSIVE;
				CLANG_WARN_UNREACHABLE_CODE = YES;
				CLANG_WARN__DUPLICATE_METHOD_MATCH = YES;
				CODE_SIGN_IDENTITY = "iPhone Developer";
				COPY_PHASE_STRIP = NO;
				DEBUG_INFORMATION_FORMAT = dwarf;
				ENABLE_STRICT_OBJC_MSGSEND = YES;
				ENABLE_TESTABILITY = YES;
				GCC_C_LANGUAGE_STANDARD = gnu11;
				GCC_DYNAMIC_NO_PIC = NO;
				GCC_NO_COMMON_BLOCKS = YES;
				GCC_OPTIMIZATION_LEVEL = 0;
				GCC_PREPROCESSOR_DEFINITIONS = (
					"DEBUG=1",
					"$(inherited)",
				);
				GCC_WARN_64_TO_32_BIT_CONVERSION = YES;
				GCC_WARN_ABOUT_RETURN_TYPE = YES_ERROR;
				GCC_WARN_UNDECLARED_SELECTOR = YES;
				GCC_WARN_UNINITIALIZED_AUTOS = YES_AGGRESSIVE;
				GCC_WARN_UNUSED_FUNCTION = YES;
				GCC_WARN_UNUSED_VARIABLE = YES;
				IPHONEOS_DEPLOYMENT_TARGET = 12.1;
				MTL_ENABLE_DEBUG_INFO = INCLUDE_SOURCE;
				MTL_FAST_MATH = YES;
				ONLY_ACTIVE_ARCH = YES;
				SDKROOT = iphoneos;
			};
			name = Debug;
		};
		C3C4863D22BDE19F00B24E1A /* Release */ = {
			isa = XCBuildConfiguration;
			buildSettings = {
				ALWAYS_SEARCH_USER_PATHS = NO;
				CLANG_ANALYZER_NONNULL = YES;
				CLANG_ANALYZER_NUMBER_OBJECT_CONVERSION = YES_AGGRESSIVE;
				CLANG_CXX_LANGUAGE_STANDARD = "gnu++14";
				CLANG_CXX_LIBRARY = "libc++";
				CLANG_ENABLE_MODULES = YES;
				CLANG_ENABLE_OBJC_ARC = YES;
				CLANG_ENABLE_OBJC_WEAK = YES;
				CLANG_WARN_BLOCK_CAPTURE_AUTORELEASING = YES;
				CLANG_WARN_BOOL_CONVERSION = YES;
				CLANG_WARN_COMMA = YES;
				CLANG_WARN_CONSTANT_CONVERSION = YES;
				CLANG_WARN_DEPRECATED_OBJC_IMPLEMENTATIONS = YES;
				CLANG_WARN_DIRECT_OBJC_ISA_USAGE = YES_ERROR;
				CLANG_WARN_DOCUMENTATION_COMMENTS = YES;
				CLANG_WARN_EMPTY_BODY = YES;
				CLANG_WARN_ENUM_CONVERSION = YES;
				CLANG_WARN_INFINITE_RECURSION = YES;
				CLANG_WARN_INT_CONVERSION = YES;
				CLANG_WARN_NON_LITERAL_NULL_CONVERSION = YES;
				CLANG_WARN_OBJC_IMPLICIT_RETAIN_SELF = YES;
				CLANG_WARN_OBJC_LITERAL_CONVERSION = YES;
				CLANG_WARN_OBJC_ROOT_CLASS = YES_ERROR;
				CLANG_WARN_RANGE_LOOP_ANALYSIS = YES;
				CLANG_WARN_STRICT_PROTOTYPES = YES;
				CLANG_WARN_SUSPICIOUS_MOVE = YES;
				CLANG_WARN_UNGUARDED_AVAILABILITY = YES_AGGRESSIVE;
				CLANG_WARN_UNREACHABLE_CODE = YES;
				CLANG_WARN__DUPLICATE_METHOD_MATCH = YES;
				CODE_SIGN_IDENTITY = "iPhone Developer";
				COPY_PHASE_STRIP = NO;
				DEBUG_INFORMATION_FORMAT = "dwarf-with-dsym";
				ENABLE_NS_ASSERTIONS = NO;
				ENABLE_STRICT_OBJC_MSGSEND = YES;
				GCC_C_LANGUAGE_STANDARD = gnu11;
				GCC_NO_COMMON_BLOCKS = YES;
				GCC_WARN_64_TO_32_BIT_CONVERSION = YES;
				GCC_WARN_ABOUT_RETURN_TYPE = YES_ERROR;
				GCC_WARN_UNDECLARED_SELECTOR = YES;
				GCC_WARN_UNINITIALIZED_AUTOS = YES_AGGRESSIVE;
				GCC_WARN_UNUSED_FUNCTION = YES;
				GCC_WARN_UNUSED_VARIABLE = YES;
				IPHONEOS_DEPLOYMENT_TARGET = 12.1;
				MTL_ENABLE_DEBUG_INFO = NO;
				MTL_FAST_MATH = YES;
				SDKROOT = iphoneos;
				VALIDATE_PRODUCT = YES;
			};
			name = Release;
		};
		C3C4863F22BDE19F00B24E1A /* Debug */ = {
			isa = XCBuildConfiguration;
			baseConfigurationReference = F1F9C450D6041E335F004DE6 /* Pods-iOSPlayground.debug.xcconfig */;
			buildSettings = {
				ASSETCATALOG_COMPILER_APPICON_NAME = AppIcon;
				CODE_SIGN_STYLE = Automatic;
				DEVELOPMENT_TEAM = 44Y7SZ27BB;
				INFOPLIST_FILE = iOSPlayground/Info.plist;
				LD_RUNPATH_SEARCH_PATHS = (
					"$(inherited)",
					"@executable_path/Frameworks",
				);
				PRODUCT_BUNDLE_IDENTIFIER = com.gaosiming.iOSPlayground;
				PRODUCT_NAME = "$(TARGET_NAME)";
				TARGETED_DEVICE_FAMILY = "1,2";
				WARNING_CFLAGS = "";
			};
			name = Debug;
		};
		C3C4864022BDE19F00B24E1A /* Release */ = {
			isa = XCBuildConfiguration;
			baseConfigurationReference = 1309AC620425F1576989CB78 /* Pods-iOSPlayground.release.xcconfig */;
			buildSettings = {
				ASSETCATALOG_COMPILER_APPICON_NAME = AppIcon;
				CODE_SIGN_STYLE = Automatic;
				DEVELOPMENT_TEAM = 44Y7SZ27BB;
				INFOPLIST_FILE = iOSPlayground/Info.plist;
				LD_RUNPATH_SEARCH_PATHS = (
					"$(inherited)",
					"@executable_path/Frameworks",
				);
				PRODUCT_BUNDLE_IDENTIFIER = com.gaosiming.iOSPlayground;
				PRODUCT_NAME = "$(TARGET_NAME)";
				TARGETED_DEVICE_FAMILY = "1,2";
				WARNING_CFLAGS = "";
			};
			name = Release;
		};
		C3C4864222BDE19F00B24E1A /* Debug */ = {
			isa = XCBuildConfiguration;
			baseConfigurationReference = 9C1FE5B8A75F40B5E84FBCD0 /* Pods-iOSPlaygroundTests.debug.xcconfig */;
			buildSettings = {
				BUNDLE_LOADER = "$(TEST_HOST)";
				CODE_SIGN_STYLE = Automatic;
				DEVELOPMENT_TEAM = 44Y7SZ27BB;
				INFOPLIST_FILE = iOSPlaygroundTests/Info.plist;
				LD_RUNPATH_SEARCH_PATHS = (
					"$(inherited)",
					"@executable_path/Frameworks",
					"@loader_path/Frameworks",
				);
				PRODUCT_BUNDLE_IDENTIFIER = com.gaosiming.iOSPlaygroundTests;
				PRODUCT_NAME = "$(TARGET_NAME)";
				TARGETED_DEVICE_FAMILY = "1,2";
				TEST_HOST = "$(BUILT_PRODUCTS_DIR)/iOSPlayground.app/iOSPlayground";
			};
			name = Debug;
		};
		C3C4864322BDE19F00B24E1A /* Release */ = {
			isa = XCBuildConfiguration;
			baseConfigurationReference = FE4B22850B68F9BB3335AC12 /* Pods-iOSPlaygroundTests.release.xcconfig */;
			buildSettings = {
				BUNDLE_LOADER = "$(TEST_HOST)";
				CODE_SIGN_STYLE = Automatic;
				DEVELOPMENT_TEAM = 44Y7SZ27BB;
				INFOPLIST_FILE = iOSPlaygroundTests/Info.plist;
				LD_RUNPATH_SEARCH_PATHS = (
					"$(inherited)",
					"@executable_path/Frameworks",
					"@loader_path/Frameworks",
				);
				PRODUCT_BUNDLE_IDENTIFIER = com.gaosiming.iOSPlaygroundTests;
				PRODUCT_NAME = "$(TARGET_NAME)";
				TARGETED_DEVICE_FAMILY = "1,2";
				TEST_HOST = "$(BUILT_PRODUCTS_DIR)/iOSPlayground.app/iOSPlayground";
			};
			name = Release;
		};
		C3C4864522BDE19F00B24E1A /* Debug */ = {
			isa = XCBuildConfiguration;
			baseConfigurationReference = A8BD42AA1654C3B1BCA44090 /* Pods-iOSPlaygroundUITests.debug.xcconfig */;
			buildSettings = {
				CODE_SIGN_STYLE = Automatic;
				DEVELOPMENT_TEAM = 44Y7SZ27BB;
				INFOPLIST_FILE = iOSPlaygroundUITests/Info.plist;
				LD_RUNPATH_SEARCH_PATHS = (
					"$(inherited)",
					"@executable_path/Frameworks",
					"@loader_path/Frameworks",
				);
				PRODUCT_BUNDLE_IDENTIFIER = com.gaosiming.iOSPlaygroundUITests;
				PRODUCT_NAME = "$(TARGET_NAME)";
				TARGETED_DEVICE_FAMILY = "1,2";
				TEST_TARGET_NAME = iOSPlayground;
			};
			name = Debug;
		};
		C3C4864622BDE19F00B24E1A /* Release */ = {
			isa = XCBuildConfiguration;
			baseConfigurationReference = 155C4E2389ADB35CF755BDB5 /* Pods-iOSPlaygroundUITests.release.xcconfig */;
			buildSettings = {
				CODE_SIGN_STYLE = Automatic;
				DEVELOPMENT_TEAM = 44Y7SZ27BB;
				INFOPLIST_FILE = iOSPlaygroundUITests/Info.plist;
				LD_RUNPATH_SEARCH_PATHS = (
					"$(inherited)",
					"@executable_path/Frameworks",
					"@loader_path/Frameworks",
				);
				PRODUCT_BUNDLE_IDENTIFIER = com.gaosiming.iOSPlaygroundUITests;
				PRODUCT_NAME = "$(TARGET_NAME)";
				TARGETED_DEVICE_FAMILY = "1,2";
				TEST_TARGET_NAME = iOSPlayground;
			};
			name = Release;
		};
/* End XCBuildConfiguration section */

/* Begin XCConfigurationList section */
		C33923C722DB880E002CA693 /* Build configuration list for PBXAggregateTarget "OCLint" */ = {
			isa = XCConfigurationList;
			buildConfigurations = (
				C33923C522DB880E002CA693 /* Debug */,
				C33923C622DB880E002CA693 /* Release */,
			);
			defaultConfigurationIsVisible = 0;
			defaultConfigurationName = Release;
		};
		C3C4860D22BDE19E00B24E1A /* Build configuration list for PBXProject "iOSPlayground" */ = {
			isa = XCConfigurationList;
			buildConfigurations = (
				C3C4863C22BDE19F00B24E1A /* Debug */,
				C3C4863D22BDE19F00B24E1A /* Release */,
			);
			defaultConfigurationIsVisible = 0;
			defaultConfigurationName = Release;
		};
		C3C4863E22BDE19F00B24E1A /* Build configuration list for PBXNativeTarget "iOSPlayground" */ = {
			isa = XCConfigurationList;
			buildConfigurations = (
				C3C4863F22BDE19F00B24E1A /* Debug */,
				C3C4864022BDE19F00B24E1A /* Release */,
			);
			defaultConfigurationIsVisible = 0;
			defaultConfigurationName = Release;
		};
		C3C4864122BDE19F00B24E1A /* Build configuration list for PBXNativeTarget "iOSPlaygroundTests" */ = {
			isa = XCConfigurationList;
			buildConfigurations = (
				C3C4864222BDE19F00B24E1A /* Debug */,
				C3C4864322BDE19F00B24E1A /* Release */,
			);
			defaultConfigurationIsVisible = 0;
			defaultConfigurationName = Release;
		};
		C3C4864422BDE19F00B24E1A /* Build configuration list for PBXNativeTarget "iOSPlaygroundUITests" */ = {
			isa = XCConfigurationList;
			buildConfigurations = (
				C3C4864522BDE19F00B24E1A /* Debug */,
				C3C4864622BDE19F00B24E1A /* Release */,
			);
			defaultConfigurationIsVisible = 0;
			defaultConfigurationName = Release;
		};
/* End XCConfigurationList section */
	};
	rootObject = C3C4860A22BDE19E00B24E1A /* Project object */;
}
